
Microsoft Visual Studio Solution File, Format Version 12.00
# Visual Studio 15
VisualStudioVersion = 15.0.28307.106
MinimumVisualStudioVersion = 10.0.40219.1
Project("{FAE04EC0-301F-11D3-BF4B-00C04F79EFBC}") = "ShopAKB48", "ShopAKB48\ShopAKB48.csproj", "{30526B74-9B5D-4A5A-955B-A377B7B8F9AF}"
EndProject
Global
	GlobalSection(SolutionConfigurationPlatforms) = preSolution
		Debug|Any CPU = Debug|Any CPU
		Release|Any CPU = Release|Any CPU
	EndGlobalSection
	GlobalSection(ProjectConfigurationPlatforms) = postSolution
		{30526B74-9B5D-4A5A-955B-A377B7B8F9AF}.Debug|Any CPU.ActiveCfg = Debug|Any CPU
		{30526B74-9B5D-4A5A-955B-A377B7B8F9AF}.Debug|Any CPU.Build.0 = Debug|Any CPU
		{30526B74-9B5D-4A5A-955B-A377B7B8F9AF}.Release|Any CPU.ActiveCfg = Release|Any CPU
		{30526B74-9B5D-4A5A-955B-A377B7B8F9AF}.Release|Any CPU.Build.0 = Release|Any CPU
	EndGlobalSection
	GlobalSection(SolutionProperties) = preSolution
		HideSolutionNode = FALSE
	EndGlobalSection
	GlobalSection(ExtensibilityGlobals) = postSolution
		SolutionGuid = {F9F7E4FE-C0DA-44FF-B177-D5086FABFB04}
	EndGlobalSection
EndGlobal
